
Microsoft Visual Studio Solution File, Format Version 12.00
# Visual Studio Version 16
VisualStudioVersion = 16.0.31829.152
MinimumVisualStudioVersion = 10.0.40219.1
Project("{FAE04EC0-301F-11D3-BF4B-00C04F79EFBC}") = "LoopsAndRandomNumbers", "LoopsAndRandomNumbers\LoopsAndRandomNumbers.csproj", "{37F68763-B2F9-4602-86C8-D93CC51AE800}"
EndProject
Project("{FAE04EC0-301F-11D3-BF4B-00C04F79EFBC}") = "PINinfiniteLoop", "PINinfiniteLoop\PINinfiniteLoop.csproj", "{716DD770-8AAF-45FD-BD87-EC11C98BC189}"
EndProject
Project("{FAE04EC0-301F-11D3-BF4B-00C04F79EFBC}") = "RandomNumber", "RandomNumber\RandomNumber.csproj", "{F6EF59FE-C3C4-493B-A2D4-C294AF2960D0}"
EndProject
Project("{FAE04EC0-301F-11D3-BF4B-00C04F79EFBC}") = "guessingGameInfinite", "guessingGameInfinite\guessingGameInfinite.csproj", "{94903FAA-5BC6-4EF2-A4CB-54BB5C0A12E5}"
EndProject
Project("{FAE04EC0-301F-11D3-BF4B-00C04F79EFBC}") = "GuessingGameThreeTries", "GuessingGameThreeTries\GuessingGameThreeTries.csproj", "{E43163AE-65CF-4BB3-9283-1D1B5B3EF04F}"
EndProject
Global
	GlobalSection(SolutionConfigurationPlatforms) = preSolution
		Debug|Any CPU = Debug|Any CPU
		Release|Any CPU = Release|Any CPU
	EndGlobalSection
	GlobalSection(ProjectConfigurationPlatforms) = postSolution
		{37F68763-B2F9-4602-86C8-D93CC51AE800}.Debug|Any CPU.ActiveCfg = Debug|Any CPU
		{37F68763-B2F9-4602-86C8-D93CC51AE800}.Debug|Any CPU.Build.0 = Debug|Any CPU
		{37F68763-B2F9-4602-86C8-D93CC51AE800}.Release|Any CPU.ActiveCfg = Release|Any CPU
		{37F68763-B2F9-4602-86C8-D93CC51AE800}.Release|Any CPU.Build.0 = Release|Any CPU
		{716DD770-8AAF-45FD-BD87-EC11C98BC189}.Debug|Any CPU.ActiveCfg = Debug|Any CPU
		{716DD770-8AAF-45FD-BD87-EC11C98BC189}.Debug|Any CPU.Build.0 = Debug|Any CPU
		{716DD770-8AAF-45FD-BD87-EC11C98BC189}.Release|Any CPU.ActiveCfg = Release|Any CPU
		{716DD770-8AAF-45FD-BD87-EC11C98BC189}.Release|Any CPU.Build.0 = Release|Any CPU
		{F6EF59FE-C3C4-493B-A2D4-C294AF2960D0}.Debug|Any CPU.ActiveCfg = Debug|Any CPU
		{F6EF59FE-C3C4-493B-A2D4-C294AF2960D0}.Debug|Any CPU.Build.0 = Debug|Any CPU
		{F6EF59FE-C3C4-493B-A2D4-C294AF2960D0}.Release|Any CPU.ActiveCfg = Release|Any CPU
		{F6EF59FE-C3C4-493B-A2D4-C294AF2960D0}.Release|Any CPU.Build.0 = Release|Any CPU
		{94903FAA-5BC6-4EF2-A4CB-54BB5C0A12E5}.Debug|Any CPU.ActiveCfg = Debug|Any CPU
		{94903FAA-5BC6-4EF2-A4CB-54BB5C0A12E5}.Debug|Any CPU.Build.0 = Debug|Any CPU
		{94903FAA-5BC6-4EF2-A4CB-54BB5C0A12E5}.Release|Any CPU.ActiveCfg = Release|Any CPU
		{94903FAA-5BC6-4EF2-A4CB-54BB5C0A12E5}.Release|Any CPU.Build.0 = Release|Any CPU
		{E43163AE-65CF-4BB3-9283-1D1B5B3EF04F}.Debug|Any CPU.ActiveCfg = Debug|Any CPU
		{E43163AE-65CF-4BB3-9283-1D1B5B3EF04F}.Debug|Any CPU.Build.0 = Debug|Any CPU
		{E43163AE-65CF-4BB3-9283-1D1B5B3EF04F}.Release|Any CPU.ActiveCfg = Release|Any CPU
		{E43163AE-65CF-4BB3-9283-1D1B5B3EF04F}.Release|Any CPU.Build.0 = Release|Any CPU
	EndGlobalSection
	GlobalSection(SolutionProperties) = preSolution
		HideSolutionNode = FALSE
	EndGlobalSection
	GlobalSection(ExtensibilityGlobals) = postSolution
		SolutionGuid = {59661F67-7702-4FFD-82C3-D14D36B03E80}
	EndGlobalSection
EndGlobal
